
Microsoft Visual Studio Solution File, Format Version 12.00
# Visual Studio Version 17
VisualStudioVersion = 17.10.34928.147
MinimumVisualStudioVersion = 10.0.40219.1
Project("{FAE04EC0-301F-11D3-BF4B-00C04F79EFBC}") = "PasswordChecker", "PasswordChecker\PasswordChecker.csproj", "{2AB5B377-3A9B-4AEE-BFBD-D76A085C3E19}"
EndProject
Project("{FAE04EC0-301F-11D3-BF4B-00C04F79EFBC}") = "PasswordCheckerTests1", "PasswordCheckerTests1\PasswordCheckerTests1.csproj", "{8EEA1424-E262-4995-820C-5ABE1B5E37E6}"
EndProject
Global
	GlobalSection(SolutionConfigurationPlatforms) = preSolution
		Debug|Any CPU = Debug|Any CPU
		Release|Any CPU = Release|Any CPU
	EndGlobalSection
	GlobalSection(ProjectConfigurationPlatforms) = postSolution
		{2AB5B377-3A9B-4AEE-BFBD-D76A085C3E19}.Debug|Any CPU.ActiveCfg = Debug|Any CPU
		{2AB5B377-3A9B-4AEE-BFBD-D76A085C3E19}.Debug|Any CPU.Build.0 = Debug|Any CPU
		{2AB5B377-3A9B-4AEE-BFBD-D76A085C3E19}.Release|Any CPU.ActiveCfg = Release|Any CPU
		{2AB5B377-3A9B-4AEE-BFBD-D76A085C3E19}.Release|Any CPU.Build.0 = Release|Any CPU
		{8EEA1424-E262-4995-820C-5ABE1B5E37E6}.Debug|Any CPU.ActiveCfg = Debug|Any CPU
		{8EEA1424-E262-4995-820C-5ABE1B5E37E6}.Debug|Any CPU.Build.0 = Debug|Any CPU
		{8EEA1424-E262-4995-820C-5ABE1B5E37E6}.Release|Any CPU.ActiveCfg = Release|Any CPU
		{8EEA1424-E262-4995-820C-5ABE1B5E37E6}.Release|Any CPU.Build.0 = Release|Any CPU
	EndGlobalSection
	GlobalSection(SolutionProperties) = preSolution
		HideSolutionNode = FALSE
	EndGlobalSection
	GlobalSection(ExtensibilityGlobals) = postSolution
		SolutionGuid = {CB57F0B0-0EB4-4556-B97C-1407F242305E}
	EndGlobalSection
EndGlobal
